{
  "version": 4,
  "terraform_version": "1.7.1",
  "serial": 65,
  "lineage": "768cbba2-ca52-5bf9-8736-0f8a28bc79a7",
  "outputs": {},
  "resources": [
    {
      "module": "module.Workflow",
      "mode": "managed",
      "type": "newrelic_alert_muting_rule",
      "name": "Muting_rule",
      "provider": "provider[\"registry.terraform.io/newrelic/newrelic\"]",
      "instances": [
        {
          "schema_version": 0,
          "attributes": {
            "account_id": null,
            "condition": [
              {
                "conditions": [
                  {
                    "attribute": "conditionName",
                    "operator": "EQUALS",
                    "values": [
                      "Average Duration"
                    ]
                  }
                ],
                "operator": "AND"
              }
            ],
            "description": "muting rule test.",
            "enabled": true,
            "id": "4438264:56828949",
            "name": "Browser Muting Rule",
            "schedule": [
              {
                "end_repeat": "",
                "end_time": "2024-07-28T16:30:00",
                "repeat": "",
                "repeat_count": 0,
                "start_time": "2024-07-27T12:00:00",
                "time_zone": "America/Los_Angeles",
                "weekly_repeat_days": null
              }
            ]
          },
          "sensitive_attributes": [],
          "private": "bnVsbA=="
        }
      ]
    },
    {
      "module": "module.Workflow",
      "mode": "managed",
      "type": "newrelic_notification_channel",
      "name": "workflow-Channel",
      "provider": "provider[\"registry.terraform.io/newrelic/newrelic\"]",
      "instances": [
        {
          "schema_version": 0,
          "attributes": {
            "account_id": 4438264,
            "active": true,
            "destination_id": "4ec483bb-30ef-43bf-b304-8ded6636a1b0",
            "id": "fef7618b-e80a-4df0-9185-d2e0cc9ec78b",
            "name": "React-workflow-Channel",
            "product": "IINT",
            "property": [
              {
                "display_value": "",
                "key": "customDetailsEmail",
                "label": "",
                "value": "issue id - {{issueId}}"
              },
              {
                "display_value": "",
                "key": "subject",
                "label": "",
                "value": "Alert"
              }
            ],
            "status": "DEFAULT",
            "type": "EMAIL"
          },
          "sensitive_attributes": [],
          "private": "bnVsbA==",
          "dependencies": [
            "module.Workflow.newrelic_notification_destination.workflow-destination"
          ]
        }
      ]
    },
    {
      "module": "module.Workflow",
      "mode": "managed",
      "type": "newrelic_notification_destination",
      "name": "workflow-destination",
      "provider": "provider[\"registry.terraform.io/newrelic/newrelic\"]",
      "instances": [
        {
          "schema_version": 1,
          "attributes": {
            "account_id": 4438264,
            "active": true,
            "auth_basic": [],
            "auth_custom_header": [],
            "auth_token": [],
            "guid": "NDQzODI2NHxBSU9QU3xERVNUSU5BVElPTnw0ZWM0ODNiYi0zMGVmLTQzYmYtYjMwNC04ZGVkNjYzNmExYjA",
            "id": "4ec483bb-30ef-43bf-b304-8ded6636a1b0",
            "last_sent": "",
            "name": "React-workflow-destination",
            "property": [
              {
                "display_value": "",
                "key": "email",
                "label": "",
                "value": "divpreetkaur043@gmail.com"
              }
            ],
            "secure_url": [],
            "status": "DEFAULT",
            "type": "EMAIL"
          },
          "sensitive_attributes": [],
          "private": "eyJzY2hlbWFfdmVyc2lvbiI6IjEifQ=="
        }
      ]
    },
    {
      "module": "module.Workflow",
      "mode": "managed",
      "type": "newrelic_workflow",
      "name": "workflow1",
      "provider": "provider[\"registry.terraform.io/newrelic/newrelic\"]",
      "instances": [
        {
          "schema_version": 1,
          "attributes": {
            "account_id": 4438264,
            "destination": [
              {
                "channel_id": "fef7618b-e80a-4df0-9185-d2e0cc9ec78b",
                "name": "React-workflow-Channel",
                "notification_triggers": [
                  "ACKNOWLEDGED",
                  "ACTIVATED",
                  "CLOSED"
                ],
                "type": "EMAIL",
                "update_original_message": true
              }
            ],
            "destinations_enabled": true,
            "enabled": true,
            "enrichments": [],
            "enrichments_enabled": true,
            "guid": "NDQzODI2NHxBSU9QU3xXT1JLRkxPV3w1YTU3MTE5Ny05ZTI5LTRiNGMtYmRlMS05OWE2NmQ4NzJjZTg",
            "id": "5a571197-9e29-4b4c-bde1-99a66d872ce8",
            "issues_filter": [
              {
                "filter_id": "9ee62912-961b-491d-acb2-3bf00ae7ec44",
                "name": "filter",
                "predicate": [
                  {
                    "attribute": "labels.account_id",
                    "operator": "EXACTLY_MATCHES",
                    "values": [
                      "var.policy_id"
                    ]
                  }
                ],
                "type": "FILTER"
              }
            ],
            "last_run": "",
            "muting_rules_handling": "NOTIFY_ALL_ISSUES",
            "name": "workflow1",
            "workflow_id": "5a571197-9e29-4b4c-bde1-99a66d872ce8"
          },
          "sensitive_attributes": [],
          "private": "eyJzY2hlbWFfdmVyc2lvbiI6IjEifQ==",
          "dependencies": [
            "module.Workflow.newrelic_notification_channel.workflow-Channel",
            "module.Workflow.newrelic_notification_destination.workflow-destination"
          ]
        }
      ]
    },
    {
      "module": "module.policies_Conditions",
      "mode": "managed",
      "type": "newrelic_alert_policy",
      "name": "policy1",
      "provider": "provider[\"registry.terraform.io/newrelic/newrelic\"]",
      "instances": [
        {
          "schema_version": 0,
          "attributes": {
            "account_id": 4438264,
            "channel_ids": null,
            "id": "5494742",
            "incident_preference": "PER_CONDITION",
            "name": "Browser Performance"
          },
          "sensitive_attributes": [],
          "private": "bnVsbA=="
        }
      ]
    },
    {
      "module": "module.policies_Conditions",
      "mode": "managed",
      "type": "newrelic_nrql_alert_condition",
      "name": "Condition1",
      "provider": "provider[\"registry.terraform.io/newrelic/newrelic\"]",
      "instances": [
        {
          "schema_version": 0,
          "attributes": {
            "account_id": 4438264,
            "aggregation_delay": "120",
            "aggregation_method": "event_flow",
            "aggregation_timer": null,
            "aggregation_window": 60,
            "baseline_direction": null,
            "close_violations_on_expiration": true,
            "critical": [
              {
                "duration": 0,
                "operator": "above",
                "threshold": 4,
                "threshold_duration": 300,
                "threshold_occurrences": "all",
                "time_function": ""
              }
            ],
            "description": "Alert when transactions are taking too long",
            "enabled": true,
            "entity_guid": "NDQzODI2NHxBSU9QU3xDT05ESVRJT058NDMzMjA4NTI",
            "evaluation_delay": null,
            "expiration_duration": 120,
            "fill_option": "static",
            "fill_value": 1,
            "id": "5494742:43320852",
            "name": "Average Duration",
            "nrql": [
              {
                "data_account_id": 0,
                "evaluation_offset": 0,
                "query": "SELECT average(duration) FROM BrowserInteraction where appName = 'React Application'",
                "since_value": ""
              }
            ],
            "open_violation_on_expiration": true,
            "policy_id": 5494742,
            "runbook_url": "https://www.example.com",
            "slide_by": 30,
            "term": [],
            "timeouts": null,
            "type": "static",
            "violation_time_limit": "ONE_HOUR",
            "violation_time_limit_seconds": 3600,
            "warning": [
              {
                "duration": 0,
                "operator": "above",
                "threshold": 3,
                "threshold_duration": 600,
                "threshold_occurrences": "all",
                "time_function": ""
              }
            ]
          },
          "sensitive_attributes": [],
          "private": "eyJlMmJmYjczMC1lY2FhLTExZTYtOGY4OC0zNDM2M2JjN2M0YzAiOnsiY3JlYXRlIjozMDAwMDAwMDAwMH19",
          "dependencies": [
            "module.policies_Conditions.newrelic_alert_policy.policy1"
          ]
        }
      ]
    },
    {
      "module": "module.policies_Conditions",
      "mode": "managed",
      "type": "newrelic_nrql_alert_condition",
      "name": "Condition2",
      "provider": "provider[\"registry.terraform.io/newrelic/newrelic\"]",
      "instances": [
        {
          "schema_version": 0,
          "attributes": {
            "account_id": 4438264,
            "aggregation_delay": "120",
            "aggregation_method": "event_flow",
            "aggregation_timer": null,
            "aggregation_window": 60,
            "baseline_direction": null,
            "close_violations_on_expiration": true,
            "critical": [
              {
                "duration": 0,
                "operator": "above",
                "threshold": 5,
                "threshold_duration": 300,
                "threshold_occurrences": "all",
                "time_function": ""
              }
            ],
            "description": "Alert when backend durations are taking too long",
            "enabled": true,
            "entity_guid": "NDQzODI2NHxBSU9QU3xDT05ESVRJT058NDMzMjA4NTE",
            "evaluation_delay": null,
            "expiration_duration": 120,
            "fill_option": "static",
            "fill_value": 1,
            "id": "5494742:43320851",
            "name": "Backend Duration",
            "nrql": [
              {
                "data_account_id": 0,
                "evaluation_offset": 0,
                "query": "SELECT average(backendDuration) from PageView where appName = 'React Application'",
                "since_value": ""
              }
            ],
            "open_violation_on_expiration": true,
            "policy_id": 5494742,
            "runbook_url": "https://www.example.com",
            "slide_by": 30,
            "term": [],
            "timeouts": null,
            "type": "static",
            "violation_time_limit": "ONE_HOUR",
            "violation_time_limit_seconds": 3600,
            "warning": [
              {
                "duration": 0,
                "operator": "above",
                "threshold": 4,
                "threshold_duration": 600,
                "threshold_occurrences": "all",
                "time_function": ""
              }
            ]
          },
          "sensitive_attributes": [],
          "private": "eyJlMmJmYjczMC1lY2FhLTExZTYtOGY4OC0zNDM2M2JjN2M0YzAiOnsiY3JlYXRlIjozMDAwMDAwMDAwMH19",
          "dependencies": [
            "module.policies_Conditions.newrelic_alert_policy.policy1"
          ]
        }
      ]
    }
  ],
  "check_results": null
}
